GEM
  remote: https://rubygems.org/
  specs:
    diff-lcs (1.5.0)
    faraday (2.14.1)
      faraday-net_http (>= 2.0, < 3.5)
      json
      logger
    faraday-net_http (3.4.2)
      net-http (~> 0.5)
    json (2.18.1)
    logger (1.7.0)
    mustermann (3.0.0)
      ruby2_keywords (~> 0.0.1)
    net-http (0.9.1)
      uri (>= 0.11.1)
    rack (2.2.8.1)
    rack-protection (3.1.0)
      rack (~> 2.2, >= 2.2.4)
    rspec (3.12.0)
      rspec-core (~> 3.12.0)
      rspec-expectations (~> 3.12.0)
      rspec-mocks (~> 3.12.0)
    rspec-core (3.12.2)
      rspec-support (~> 3.12.0)
    rspec-expectations (3.12.3)
      diff-lcs (>= 1.2.0, < 2.0)
      rspec-support (~> 3.12.0)
    rspec-mocks (3.12.6)
      diff-lcs (>= 1.2.0, < 2.0)
      rspec-support (~> 3.12.0)
    rspec-support (3.12.1)
    rspec_junit_formatter (0.6.0)
      rspec-core (>= 2, < 4, != 2.12.0)
    ruby2_keywords (0.0.5)
    sinatra (3.1.0)
      mustermann (~> 3.0)
      rack (~> 2.2, >= 2.2.4)
      rack-protection (= 3.1.0)
      tilt (~> 2.0)
    tilt (2.2.0)
    uri (1.1.1)
    webrick (1.8.1)

PLATFORMS
  ruby

DEPENDENCIES
  faraday
  rspec
  rspec_junit_formatter
  sinatra (~> 3.1)
  webrick (~> 1.8)

BUNDLED WITH
   2.4.19
